
Microsoft Visual Studio Solution File, Format Version 12.00
# Visual Studio Version 17
VisualStudioVersion = 17.1.32407.343
MinimumVisualStudioVersion = 10.0.40219.1
Project("{9A19103F-16F7-4668-BE54-9A1E7A4F7556}") = "Producer", "Producer\Producer.csproj", "{AEBAD5F0-C620-46FC-9FAB-9ADB67C31BE8}"
EndProject
Project("{FAE04EC0-301F-11D3-BF4B-00C04F79EFBC}") = "Consumer", "Consumer\Consumer.csproj", "{83767024-9885-4D8B-80DC-79814BB677FE}"
EndProject
Global
	GlobalSection(SolutionConfigurationPlatforms) = preSolution
		Debug|Any CPU = Debug|Any CPU
		Release|Any CPU = Release|Any CPU
	EndGlobalSection
	GlobalSection(ProjectConfigurationPlatforms) = postSolution
		{AEBAD5F0-C620-46FC-9FAB-9ADB67C31BE8}.Debug|Any CPU.ActiveCfg = Debug|Any CPU
		{AEBAD5F0-C620-46FC-9FAB-9ADB67C31BE8}.Debug|Any CPU.Build.0 = Debug|Any CPU
		{AEBAD5F0-C620-46FC-9FAB-9ADB67C31BE8}.Release|Any CPU.ActiveCfg = Release|Any CPU
		{AEBAD5F0-C620-46FC-9FAB-9ADB67C31BE8}.Release|Any CPU.Build.0 = Release|Any CPU
		{83767024-9885-4D8B-80DC-79814BB677FE}.Debug|Any CPU.ActiveCfg = Debug|Any CPU
		{83767024-9885-4D8B-80DC-79814BB677FE}.Debug|Any CPU.Build.0 = Debug|Any CPU
		{83767024-9885-4D8B-80DC-79814BB677FE}.Release|Any CPU.ActiveCfg = Release|Any CPU
		{83767024-9885-4D8B-80DC-79814BB677FE}.Release|Any CPU.Build.0 = Release|Any CPU
	EndGlobalSection
	GlobalSection(SolutionProperties) = preSolution
		HideSolutionNode = FALSE
	EndGlobalSection
	GlobalSection(ExtensibilityGlobals) = postSolution
		SolutionGuid = {3FBA6C57-446E-40A8-BA71-68B0E4D97539}
	EndGlobalSection
EndGlobal
